
Microsoft Visual Studio Solution File, Format Version 12.00
# Visual Studio Version 16
VisualStudioVersion = 25.0.1703.3
MinimumVisualStudioVersion = 10.0.40219.1
Project("{FAE04EC0-301F-11D3-BF4B-00C04F79EFBC}") = "RunningApp", "RunningApp.csproj", "{C0534A5E-131B-4FFB-9902-71130207D639}"
EndProject
Global
	GlobalSection(SolutionConfigurationPlatforms) = preSolution
		Debug|Any CPU = Debug|Any CPU
		Release|Any CPU = Release|Any CPU
	EndGlobalSection
	GlobalSection(ProjectConfigurationPlatforms) = postSolution
		{C0534A5E-131B-4FFB-9902-71130207D639}.Debug|Any CPU.ActiveCfg = Debug|Any CPU
		{C0534A5E-131B-4FFB-9902-71130207D639}.Debug|Any CPU.Build.0 = Debug|Any CPU
		{C0534A5E-131B-4FFB-9902-71130207D639}.Release|Any CPU.ActiveCfg = Release|Any CPU
		{C0534A5E-131B-4FFB-9902-71130207D639}.Release|Any CPU.Build.0 = Release|Any CPU
	EndGlobalSection
	GlobalSection(SolutionProperties) = preSolution
		HideSolutionNode = FALSE
	EndGlobalSection
	GlobalSection(ExtensibilityGlobals) = postSolution
		SolutionGuid = {30D854A9-6CF8-4BEF-955F-79CBDD2B8A79}
	EndGlobalSection
EndGlobal
